
Microsoft Visual Studio Solution File, Format Version 12.00
# Visual Studio 2012
Project("{FAE04EC0-301F-11D3-BF4B-00C04F79EFBC}") = "HexUtilities", "HexUtilities\HexUtilities.csproj", "{013628E1-60E2-40A6-91D4-8B446F397A0A}"
EndProject
Project("{FAE04EC0-301F-11D3-BF4B-00C04F79EFBC}") = "HexgridPanel", "HexgridPanel\HexgridPanel.csproj", "{388AD675-D18E-4DFA-ABB9-55AB3EA993A2}"
EndProject
Project("{FAE04EC0-301F-11D3-BF4B-00C04F79EFBC}") = "HexgridExampleWinForms", "HexGridExample2\HexgridExampleWinForms.csproj", "{BEA36FDA-557C-4FDA-94A2-48A21A0C31FC}"
EndProject
Project("{FAE04EC0-301F-11D3-BF4B-00C04F79EFBC}") = "HexgridExampleWpf", "HexgridExampleWpf\HexgridExampleWpf.csproj", "{6CEB2C15-1E1A-446C-92C6-77BC49833742}"
EndProject
Project("{FAE04EC0-301F-11D3-BF4B-00C04F79EFBC}") = "HexgridExampleCommon", "HexGridExampleCommon\HexgridExampleCommon.csproj", "{4E4EC92B-2BF5-4342-A069-3A6BB76B7FCA}"
EndProject
Global
	GlobalSection(TeamFoundationVersionControl) = preSolution
		SccNumberOfProjects = 6
		SccEnterpriseProvider = {4CA58AB2-18FA-4F8D-95D4-32DDF27D184C}
		SccTeamFoundationServer = https://tfs.codeplex.com/tfs/tfs37
		SccLocalPath0 = .
		SccProjectUniqueName1 = HexUtilities\\HexUtilities.csproj
		SccProjectName1 = HexUtilities
		SccLocalPath1 = HexUtilities
		SccProjectUniqueName2 = HexgridPanel\\HexgridPanel.csproj
		SccProjectName2 = HexgridPanel
		SccLocalPath2 = HexgridPanel
		SccProjectUniqueName3 = HexgridExampleWpf\\HexgridExampleWpf.csproj
		SccProjectName3 = HexgridExampleWpf
		SccLocalPath3 = HexgridExampleWpf
		SccProjectUniqueName4 = HexGridExampleCommon\\HexgridExampleCommon.csproj
		SccProjectName4 = HexGridExampleCommon
		SccLocalPath4 = HexGridExampleCommon
		SccProjectUniqueName5 = HexGridExample2\\HexgridExampleWinForms.csproj
		SccProjectName5 = HexGridExample2
		SccLocalPath5 = HexGridExample2
	EndGlobalSection
	GlobalSection(SolutionConfigurationPlatforms) = preSolution
		Checked|Any CPU = Checked|Any CPU
		Debug|Any CPU = Debug|Any CPU
		Release|Any CPU = Release|Any CPU
	EndGlobalSection
	GlobalSection(ProjectConfigurationPlatforms) = postSolution
		{013628E1-60E2-40A6-91D4-8B446F397A0A}.Checked|Any CPU.ActiveCfg = Checked|Any CPU
		{013628E1-60E2-40A6-91D4-8B446F397A0A}.Checked|Any CPU.Build.0 = Checked|Any CPU
		{013628E1-60E2-40A6-91D4-8B446F397A0A}.Debug|Any CPU.ActiveCfg = Debug|Any CPU
		{013628E1-60E2-40A6-91D4-8B446F397A0A}.Debug|Any CPU.Build.0 = Debug|Any CPU
		{013628E1-60E2-40A6-91D4-8B446F397A0A}.Release|Any CPU.ActiveCfg = Release|Any CPU
		{013628E1-60E2-40A6-91D4-8B446F397A0A}.Release|Any CPU.Build.0 = Release|Any CPU
		{388AD675-D18E-4DFA-ABB9-55AB3EA993A2}.Checked|Any CPU.ActiveCfg = Checked|Any CPU
		{388AD675-D18E-4DFA-ABB9-55AB3EA993A2}.Checked|Any CPU.Build.0 = Checked|Any CPU
		{388AD675-D18E-4DFA-ABB9-55AB3EA993A2}.Debug|Any CPU.ActiveCfg = Debug|Any CPU
		{388AD675-D18E-4DFA-ABB9-55AB3EA993A2}.Debug|Any CPU.Build.0 = Debug|Any CPU
		{388AD675-D18E-4DFA-ABB9-55AB3EA993A2}.Release|Any CPU.ActiveCfg = Release|Any CPU
		{388AD675-D18E-4DFA-ABB9-55AB3EA993A2}.Release|Any CPU.Build.0 = Release|Any CPU
		{BEA36FDA-557C-4FDA-94A2-48A21A0C31FC}.Checked|Any CPU.ActiveCfg = Checked|Any CPU
		{BEA36FDA-557C-4FDA-94A2-48A21A0C31FC}.Checked|Any CPU.Build.0 = Checked|Any CPU
		{BEA36FDA-557C-4FDA-94A2-48A21A0C31FC}.Debug|Any CPU.ActiveCfg = Debug|Any CPU
		{BEA36FDA-557C-4FDA-94A2-48A21A0C31FC}.Debug|Any CPU.Build.0 = Debug|Any CPU
		{BEA36FDA-557C-4FDA-94A2-48A21A0C31FC}.Release|Any CPU.ActiveCfg = Release|Any CPU
		{BEA36FDA-557C-4FDA-94A2-48A21A0C31FC}.Release|Any CPU.Build.0 = Release|Any CPU
		{6CEB2C15-1E1A-446C-92C6-77BC49833742}.Checked|Any CPU.ActiveCfg = Checked|Any CPU
		{6CEB2C15-1E1A-446C-92C6-77BC49833742}.Checked|Any CPU.Build.0 = Checked|Any CPU
		{6CEB2C15-1E1A-446C-92C6-77BC49833742}.Debug|Any CPU.ActiveCfg = Debug|Any CPU
		{6CEB2C15-1E1A-446C-92C6-77BC49833742}.Debug|Any CPU.Build.0 = Debug|Any CPU
		{6CEB2C15-1E1A-446C-92C6-77BC49833742}.Release|Any CPU.ActiveCfg = Release|Any CPU
		{6CEB2C15-1E1A-446C-92C6-77BC49833742}.Release|Any CPU.Build.0 = Release|Any CPU
		{4E4EC92B-2BF5-4342-A069-3A6BB76B7FCA}.Checked|Any CPU.ActiveCfg = Checked|Any CPU
		{4E4EC92B-2BF5-4342-A069-3A6BB76B7FCA}.Checked|Any CPU.Build.0 = Checked|Any CPU
		{4E4EC92B-2BF5-4342-A069-3A6BB76B7FCA}.Debug|Any CPU.ActiveCfg = Debug|Any CPU
		{4E4EC92B-2BF5-4342-A069-3A6BB76B7FCA}.Debug|Any CPU.Build.0 = Debug|Any CPU
		{4E4EC92B-2BF5-4342-A069-3A6BB76B7FCA}.Release|Any CPU.ActiveCfg = Release|Any CPU
		{4E4EC92B-2BF5-4342-A069-3A6BB76B7FCA}.Release|Any CPU.Build.0 = Release|Any CPU
	EndGlobalSection
	GlobalSection(SolutionProperties) = preSolution
		HideSolutionNode = FALSE
	EndGlobalSection
EndGlobal
